
Microsoft Visual Studio Solution File, Format Version 12.00
# Visual Studio 15
VisualStudioVersion = 15.0.28010.2016
MinimumVisualStudioVersion = 10.0.40219.1
Project("{FAE04EC0-301F-11D3-BF4B-00C04F79EFBC}") = "RestaurantBooking.Android", "RestaurantBooking\RestaurantBooking.Android\RestaurantBooking.Android.csproj", "{C79D55DA-1F09-411E-AE01-DF5FAE4BB7BC}"
EndProject
Project("{FAE04EC0-301F-11D3-BF4B-00C04F79EFBC}") = "RestaurantBooking.iOS", "RestaurantBooking\RestaurantBooking.iOS\RestaurantBooking.iOS.csproj", "{D81C3F92-A883-4099-8CFE-4134DA44ED46}"
EndProject
Project("{FAE04EC0-301F-11D3-BF4B-00C04F79EFBC}") = "RestaurantBooking", "RestaurantBooking\RestaurantBooking\RestaurantBooking.csproj", "{C66BC64C-8FD7-4B7A-BB75-F4384E890783}"
EndProject
Global
	GlobalSection(SolutionConfigurationPlatforms) = preSolution
		Ad-Hoc|Any CPU = Ad-Hoc|Any CPU
		Ad-Hoc|iPhone = Ad-Hoc|iPhone
		Ad-Hoc|iPhoneSimulator = Ad-Hoc|iPhoneSimulator
		AppStore|Any CPU = AppStore|Any CPU
		AppStore|iPhone = AppStore|iPhone
		AppStore|iPhoneSimulator = AppStore|iPhoneSimulator
		Debug|Any CPU = Debug|Any CPU
		Debug|iPhone = Debug|iPhone
		Debug|iPhoneSimulator = Debug|iPhoneSimulator
		Release|Any CPU = Release|Any CPU
		Release|iPhone = Release|iPhone
		Release|iPhoneSimulator = Release|iPhoneSimulator
	EndGlobalSection
	GlobalSection(ProjectConfigurationPlatforms) = postSolution
		{C79D55DA-1F09-411E-AE01-DF5FAE4BB7BC}.Ad-Hoc|Any CPU.ActiveCfg = Release|Any CPU
		{C79D55DA-1F09-411E-AE01-DF5FAE4BB7BC}.Ad-Hoc|Any CPU.Build.0 = Release|Any CPU
		{C79D55DA-1F09-411E-AE01-DF5FAE4BB7BC}.Ad-Hoc|Any CPU.Deploy.0 = Release|Any CPU
		{C79D55DA-1F09-411E-AE01-DF5FAE4BB7BC}.Ad-Hoc|iPhone.ActiveCfg = Release|Any CPU
		{C79D55DA-1F09-411E-AE01-DF5FAE4BB7BC}.Ad-Hoc|iPhone.Build.0 = Release|Any CPU
		{C79D55DA-1F09-411E-AE01-DF5FAE4BB7BC}.Ad-Hoc|iPhone.Deploy.0 = Release|Any CPU
		{C79D55DA-1F09-411E-AE01-DF5FAE4BB7BC}.Ad-Hoc|iPhoneSimulator.ActiveCfg = Release|Any CPU
		{C79D55DA-1F09-411E-AE01-DF5FAE4BB7BC}.Ad-Hoc|iPhoneSimulator.Build.0 = Release|Any CPU
		{C79D55DA-1F09-411E-AE01-DF5FAE4BB7BC}.Ad-Hoc|iPhoneSimulator.Deploy.0 = Release|Any CPU
		{C79D55DA-1F09-411E-AE01-DF5FAE4BB7BC}.AppStore|Any CPU.ActiveCfg = Release|Any CPU
		{C79D55DA-1F09-411E-AE01-DF5FAE4BB7BC}.AppStore|Any CPU.Build.0 = Release|Any CPU
		{C79D55DA-1F09-411E-AE01-DF5FAE4BB7BC}.AppStore|Any CPU.Deploy.0 = Release|Any CPU
		{C79D55DA-1F09-411E-AE01-DF5FAE4BB7BC}.AppStore|iPhone.ActiveCfg = Release|Any CPU
		{C79D55DA-1F09-411E-AE01-DF5FAE4BB7BC}.AppStore|iPhone.Build.0 = Release|Any CPU
		{C79D55DA-1F09-411E-AE01-DF5FAE4BB7BC}.AppStore|iPhone.Deploy.0 = Release|Any CPU
		{C79D55DA-1F09-411E-AE01-DF5FAE4BB7BC}.AppStore|iPhoneSimulator.ActiveCfg = Release|Any CPU
		{C79D55DA-1F09-411E-AE01-DF5FAE4BB7BC}.AppStore|iPhoneSimulator.Build.0 = Release|Any CPU
		{C79D55DA-1F09-411E-AE01-DF5FAE4BB7BC}.AppStore|iPhoneSimulator.Deploy.0 = Release|Any CPU
		{C79D55DA-1F09-411E-AE01-DF5FAE4BB7BC}.Debug|Any CPU.ActiveCfg = Debug|Any CPU
		{C79D55DA-1F09-411E-AE01-DF5FAE4BB7BC}.Debug|Any CPU.Build.0 = Debug|Any CPU
		{C79D55DA-1F09-411E-AE01-DF5FAE4BB7BC}.Debug|Any CPU.Deploy.0 = Debug|Any CPU
		{C79D55DA-1F09-411E-AE01-DF5FAE4BB7BC}.Debug|iPhone.ActiveCfg = Debug|Any CPU
		{C79D55DA-1F09-411E-AE01-DF5FAE4BB7BC}.Debug|iPhone.Build.0 = Debug|Any CPU
		{C79D55DA-1F09-411E-AE01-DF5FAE4BB7BC}.Debug|iPhone.Deploy.0 = Debug|Any CPU
		{C79D55DA-1F09-411E-AE01-DF5FAE4BB7BC}.Debug|iPhoneSimulator.ActiveCfg = Debug|Any CPU
		{C79D55DA-1F09-411E-AE01-DF5FAE4BB7BC}.Debug|iPhoneSimulator.Build.0 = Debug|Any CPU
		{C79D55DA-1F09-411E-AE01-DF5FAE4BB7BC}.Debug|iPhoneSimulator.Deploy.0 = Debug|Any CPU
		{C79D55DA-1F09-411E-AE01-DF5FAE4BB7BC}.Release|Any CPU.ActiveCfg = Release|Any CPU
		{C79D55DA-1F09-411E-AE01-DF5FAE4BB7BC}.Release|Any CPU.Build.0 = Release|Any CPU
		{C79D55DA-1F09-411E-AE01-DF5FAE4BB7BC}.Release|Any CPU.Deploy.0 = Release|Any CPU
		{C79D55DA-1F09-411E-AE01-DF5FAE4BB7BC}.Release|iPhone.ActiveCfg = Release|Any CPU
		{C79D55DA-1F09-411E-AE01-DF5FAE4BB7BC}.Release|iPhone.Build.0 = Release|Any CPU
		{C79D55DA-1F09-411E-AE01-DF5FAE4BB7BC}.Release|iPhone.Deploy.0 = Release|Any CPU
		{C79D55DA-1F09-411E-AE01-DF5FAE4BB7BC}.Release|iPhoneSimulator.ActiveCfg = Release|Any CPU
		{C79D55DA-1F09-411E-AE01-DF5FAE4BB7BC}.Release|iPhoneSimulator.Build.0 = Release|Any CPU
		{C79D55DA-1F09-411E-AE01-DF5FAE4BB7BC}.Release|iPhoneSimulator.Deploy.0 = Release|Any CPU
		{D81C3F92-A883-4099-8CFE-4134DA44ED46}.Ad-Hoc|Any CPU.ActiveCfg = Ad-Hoc|iPhone
		{D81C3F92-A883-4099-8CFE-4134DA44ED46}.Ad-Hoc|Any CPU.Build.0 = Ad-Hoc|iPhone
		{D81C3F92-A883-4099-8CFE-4134DA44ED46}.Ad-Hoc|Any CPU.Deploy.0 = Ad-Hoc|iPhone
		{D81C3F92-A883-4099-8CFE-4134DA44ED46}.Ad-Hoc|iPhone.ActiveCfg = Ad-Hoc|iPhone
		{D81C3F92-A883-4099-8CFE-4134DA44ED46}.Ad-Hoc|iPhone.Build.0 = Ad-Hoc|iPhone
		{D81C3F92-A883-4099-8CFE-4134DA44ED46}.Ad-Hoc|iPhone.Deploy.0 = Ad-Hoc|iPhone
		{D81C3F92-A883-4099-8CFE-4134DA44ED46}.Ad-Hoc|iPhoneSimulator.ActiveCfg = Ad-Hoc|iPhoneSimulator
		{D81C3F92-A883-4099-8CFE-4134DA44ED46}.Ad-Hoc|iPhoneSimulator.Build.0 = Ad-Hoc|iPhoneSimulator
		{D81C3F92-A883-4099-8CFE-4134DA44ED46}.Ad-Hoc|iPhoneSimulator.Deploy.0 = Ad-Hoc|iPhoneSimulator
		{D81C3F92-A883-4099-8CFE-4134DA44ED46}.AppStore|Any CPU.ActiveCfg = AppStore|iPhone
		{D81C3F92-A883-4099-8CFE-4134DA44ED46}.AppStore|Any CPU.Build.0 = AppStore|iPhone
		{D81C3F92-A883-4099-8CFE-4134DA44ED46}.AppStore|Any CPU.Deploy.0 = AppStore|iPhone
		{D81C3F92-A883-4099-8CFE-4134DA44ED46}.AppStore|iPhone.ActiveCfg = AppStore|iPhone
		{D81C3F92-A883-4099-8CFE-4134DA44ED46}.AppStore|iPhone.Build.0 = AppStore|iPhone
		{D81C3F92-A883-4099-8CFE-4134DA44ED46}.AppStore|iPhone.Deploy.0 = AppStore|iPhone
		{D81C3F92-A883-4099-8CFE-4134DA44ED46}.AppStore|iPhoneSimulator.ActiveCfg = AppStore|iPhoneSimulator
		{D81C3F92-A883-4099-8CFE-4134DA44ED46}.AppStore|iPhoneSimulator.Build.0 = AppStore|iPhoneSimulator
		{D81C3F92-A883-4099-8CFE-4134DA44ED46}.AppStore|iPhoneSimulator.Deploy.0 = AppStore|iPhoneSimulator
		{D81C3F92-A883-4099-8CFE-4134DA44ED46}.Debug|Any CPU.ActiveCfg = Debug|iPhoneSimulator
		{D81C3F92-A883-4099-8CFE-4134DA44ED46}.Debug|Any CPU.Build.0 = Debug|iPhoneSimulator
		{D81C3F92-A883-4099-8CFE-4134DA44ED46}.Debug|Any CPU.Deploy.0 = Debug|iPhoneSimulator
		{D81C3F92-A883-4099-8CFE-4134DA44ED46}.Debug|iPhone.ActiveCfg = Debug|iPhone
		{D81C3F92-A883-4099-8CFE-4134DA44ED46}.Debug|iPhone.Build.0 = Debug|iPhone
		{D81C3F92-A883-4099-8CFE-4134DA44ED46}.Debug|iPhone.Deploy.0 = Debug|iPhone
		{D81C3F92-A883-4099-8CFE-4134DA44ED46}.Debug|iPhoneSimulator.ActiveCfg = Debug|iPhoneSimulator
		{D81C3F92-A883-4099-8CFE-4134DA44ED46}.Debug|iPhoneSimulator.Build.0 = Debug|iPhoneSimulator
		{D81C3F92-A883-4099-8CFE-4134DA44ED46}.Debug|iPhoneSimulator.Deploy.0 = Debug|iPhoneSimulator
		{D81C3F92-A883-4099-8CFE-4134DA44ED46}.Release|Any CPU.ActiveCfg = Release|iPhone
		{D81C3F92-A883-4099-8CFE-4134DA44ED46}.Release|Any CPU.Build.0 = Release|iPhone
		{D81C3F92-A883-4099-8CFE-4134DA44ED46}.Release|Any CPU.Deploy.0 = Release|iPhone
		{D81C3F92-A883-4099-8CFE-4134DA44ED46}.Release|iPhone.ActiveCfg = Release|iPhone
		{D81C3F92-A883-4099-8CFE-4134DA44ED46}.Release|iPhone.Build.0 = Release|iPhone
		{D81C3F92-A883-4099-8CFE-4134DA44ED46}.Release|iPhone.Deploy.0 = Release|iPhone
		{D81C3F92-A883-4099-8CFE-4134DA44ED46}.Release|iPhoneSimulator.ActiveCfg = Release|iPhoneSimulator
		{D81C3F92-A883-4099-8CFE-4134DA44ED46}.Release|iPhoneSimulator.Build.0 = Release|iPhoneSimulator
		{D81C3F92-A883-4099-8CFE-4134DA44ED46}.Release|iPhoneSimulator.Deploy.0 = Release|iPhoneSimulator
		{C66BC64C-8FD7-4B7A-BB75-F4384E890783}.Ad-Hoc|Any CPU.ActiveCfg = Debug|Any CPU
		{C66BC64C-8FD7-4B7A-BB75-F4384E890783}.Ad-Hoc|Any CPU.Build.0 = Debug|Any CPU
		{C66BC64C-8FD7-4B7A-BB75-F4384E890783}.Ad-Hoc|Any CPU.Deploy.0 = Debug|Any CPU
		{C66BC64C-8FD7-4B7A-BB75-F4384E890783}.Ad-Hoc|iPhone.ActiveCfg = Debug|Any CPU
		{C66BC64C-8FD7-4B7A-BB75-F4384E890783}.Ad-Hoc|iPhone.Build.0 = Debug|Any CPU
		{C66BC64C-8FD7-4B7A-BB75-F4384E890783}.Ad-Hoc|iPhone.Deploy.0 = Debug|Any CPU
		{C66BC64C-8FD7-4B7A-BB75-F4384E890783}.Ad-Hoc|iPhoneSimulator.ActiveCfg = Debug|Any CPU
		{C66BC64C-8FD7-4B7A-BB75-F4384E890783}.Ad-Hoc|iPhoneSimulator.Build.0 = Debug|Any CPU
		{C66BC64C-8FD7-4B7A-BB75-F4384E890783}.Ad-Hoc|iPhoneSimulator.Deploy.0 = Debug|Any CPU
		{C66BC64C-8FD7-4B7A-BB75-F4384E890783}.AppStore|Any CPU.ActiveCfg = Debug|Any CPU
		{C66BC64C-8FD7-4B7A-BB75-F4384E890783}.AppStore|Any CPU.Build.0 = Debug|Any CPU
		{C66BC64C-8FD7-4B7A-BB75-F4384E890783}.AppStore|Any CPU.Deploy.0 = Debug|Any CPU
		{C66BC64C-8FD7-4B7A-BB75-F4384E890783}.AppStore|iPhone.ActiveCfg = Debug|Any CPU
		{C66BC64C-8FD7-4B7A-BB75-F4384E890783}.AppStore|iPhone.Build.0 = Debug|Any CPU
		{C66BC64C-8FD7-4B7A-BB75-F4384E890783}.AppStore|iPhone.Deploy.0 = Debug|Any CPU
		{C66BC64C-8FD7-4B7A-BB75-F4384E890783}.AppStore|iPhoneSimulator.ActiveCfg = Debug|Any CPU
		{C66BC64C-8FD7-4B7A-BB75-F4384E890783}.AppStore|iPhoneSimulator.Build.0 = Debug|Any CPU
		{C66BC64C-8FD7-4B7A-BB75-F4384E890783}.AppStore|iPhoneSimulator.Deploy.0 = Debug|Any CPU
		{C66BC64C-8FD7-4B7A-BB75-F4384E890783}.Debug|Any CPU.ActiveCfg = Debug|Any CPU
		{C66BC64C-8FD7-4B7A-BB75-F4384E890783}.Debug|Any CPU.Build.0 = Debug|Any CPU
		{C66BC64C-8FD7-4B7A-BB75-F4384E890783}.Debug|Any CPU.Deploy.0 = Debug|Any CPU
		{C66BC64C-8FD7-4B7A-BB75-F4384E890783}.Debug|iPhone.ActiveCfg = Debug|Any CPU
		{C66BC64C-8FD7-4B7A-BB75-F4384E890783}.Debug|iPhone.Build.0 = Debug|Any CPU
		{C66BC64C-8FD7-4B7A-BB75-F4384E890783}.Debug|iPhone.Deploy.0 = Debug|Any CPU
		{C66BC64C-8FD7-4B7A-BB75-F4384E890783}.Debug|iPhoneSimulator.ActiveCfg = Debug|Any CPU
		{C66BC64C-8FD7-4B7A-BB75-F4384E890783}.Debug|iPhoneSimulator.Build.0 = Debug|Any CPU
		{C66BC64C-8FD7-4B7A-BB75-F4384E890783}.Debug|iPhoneSimulator.Deploy.0 = Debug|Any CPU
		{C66BC64C-8FD7-4B7A-BB75-F4384E890783}.Release|Any CPU.ActiveCfg = Release|Any CPU
		{C66BC64C-8FD7-4B7A-BB75-F4384E890783}.Release|Any CPU.Build.0 = Release|Any CPU
		{C66BC64C-8FD7-4B7A-BB75-F4384E890783}.Release|Any CPU.Deploy.0 = Release|Any CPU
		{C66BC64C-8FD7-4B7A-BB75-F4384E890783}.Release|iPhone.ActiveCfg = Release|Any CPU
		{C66BC64C-8FD7-4B7A-BB75-F4384E890783}.Release|iPhone.Build.0 = Release|Any CPU
		{C66BC64C-8FD7-4B7A-BB75-F4384E890783}.Release|iPhone.Deploy.0 = Release|Any CPU
		{C66BC64C-8FD7-4B7A-BB75-F4384E890783}.Release|iPhoneSimulator.ActiveCfg = Release|Any CPU
		{C66BC64C-8FD7-4B7A-BB75-F4384E890783}.Release|iPhoneSimulator.Build.0 = Release|Any CPU
		{C66BC64C-8FD7-4B7A-BB75-F4384E890783}.Release|iPhoneSimulator.Deploy.0 = Release|Any CPU
	EndGlobalSection
	GlobalSection(SolutionProperties) = preSolution
		HideSolutionNode = FALSE
	EndGlobalSection
	GlobalSection(ExtensibilityGlobals) = postSolution
		SolutionGuid = {70D18C00-EE86-4E5F-B133-DE6E629610D9}
	EndGlobalSection
EndGlobal
